
Microsoft Visual Studio Solution File, Format Version 12.00
# Visual Studio Version 16
VisualStudioVersion = 25.0.1703.0
MinimumVisualStudioVersion = 10.0.40219.1
Project("{FAE04EC0-301F-11D3-BF4B-00C04F79EFBC}") = "WebApiAutores", "WebApiAutores\WebApiAutores.csproj", "{F131EF5A-443E-4BB0-B6CC-3095C5CA35A8}"
EndProject
Global
	GlobalSection(SolutionConfigurationPlatforms) = preSolution
		Debug|Any CPU = Debug|Any CPU
		Release|Any CPU = Release|Any CPU
	EndGlobalSection
	GlobalSection(ProjectConfigurationPlatforms) = postSolution
		{F131EF5A-443E-4BB0-B6CC-3095C5CA35A8}.Debug|Any CPU.ActiveCfg = Debug|Any CPU
		{F131EF5A-443E-4BB0-B6CC-3095C5CA35A8}.Debug|Any CPU.Build.0 = Debug|Any CPU
		{F131EF5A-443E-4BB0-B6CC-3095C5CA35A8}.Release|Any CPU.ActiveCfg = Release|Any CPU
		{F131EF5A-443E-4BB0-B6CC-3095C5CA35A8}.Release|Any CPU.Build.0 = Release|Any CPU
	EndGlobalSection
	GlobalSection(SolutionProperties) = preSolution
		HideSolutionNode = FALSE
	EndGlobalSection
	GlobalSection(ExtensibilityGlobals) = postSolution
		SolutionGuid = {D91D386D-39AB-4E54-93A1-708054C8B12A}
	EndGlobalSection
EndGlobal
